
Microsoft Visual Studio Solution File, Format Version 12.00
Project("{FAE04EC0-301F-11D3-BF4B-00C04F79EFBC}") = "ML.NET-example", "ML.NET-example\ML.NET-example.csproj", "{0ABE7ABE-8B40-4554-9564-B01808F9880F}"
EndProject
Global
	GlobalSection(SolutionConfigurationPlatforms) = preSolution
		Debug|Any CPU = Debug|Any CPU
		Release|Any CPU = Release|Any CPU
	EndGlobalSection
	GlobalSection(ProjectConfigurationPlatforms) = postSolution
		{0ABE7ABE-8B40-4554-9564-B01808F9880F}.Debug|Any CPU.ActiveCfg = Debug|Any CPU
		{0ABE7ABE-8B40-4554-9564-B01808F9880F}.Debug|Any CPU.Build.0 = Debug|Any CPU
		{0ABE7ABE-8B40-4554-9564-B01808F9880F}.Release|Any CPU.ActiveCfg = Release|Any CPU
		{0ABE7ABE-8B40-4554-9564-B01808F9880F}.Release|Any CPU.Build.0 = Release|Any CPU
	EndGlobalSection
EndGlobal
